// !$*UTF8*$!
{
	archiveVersion = 1;
	classes = {
	};
	objectVersion = 77;
	objects = {

/* Begin PBXContainerItemProxy section */
		E0E3F5532CBAEE070059937B /* PBXContainerItemProxy */ = {
			isa = PBXContainerItemProxy;
			containerPortal = E0E3F5312CBAEE040059937B /* Project object */;
			proxyType = 1;
			remoteGlobalIDString = E0E3F5382CBAEE040059937B;
			remoteInfo = colombia;
		};
		E0E3F55D2CBAEE070059937B /* PBXContainerItemProxy */ = {
			isa = PBXContainerItemProxy;
			containerPortal = E0E3F5312CBAEE040059937B /* Project object */;
			proxyType = 1;
			remoteGlobalIDString = E0E3F5382CBAEE040059937B;
			remoteInfo = colombia;
		};
/* End PBXContainerItemProxy section */

/* Begin PBXFileReference section */
		E0E3F5392CBAEE040059937B /* colombia.app */ = {isa = PBXFileReference; explicitFileType = wrapper.application; includeInIndex = 0; path = colombia.app; sourceTree = BUILT_PRODUCTS_DIR; };
		E0E3F5522CBAEE070059937B /* colombiaTests.xctest */ = {isa = PBXFileReference; explicitFileType = wrapper.cfbundle; includeInIndex = 0; path = colombiaTests.xctest; sourceTree = BUILT_PRODUCTS_DIR; };
		E0E3F55C2CBAEE070059937B /* colombiaUITests.xctest */ = {isa = PBXFileReference; explicitFileType = wrapper.cfbundle; includeInIndex = 0; path = colombiaUITests.xctest; sourceTree = BUILT_PRODUCTS_DIR; };
/* End PBXFileReference section */

/* Begin PBXFileSystemSynchronizedBuildFileExceptionSet section */
		E0E3F5642CBAEE070059937B /* Exceptions for "colombia" folder in "colombia" target */ = {
			isa = PBXFileSystemSynchronizedBuildFileExceptionSet;
			membershipExceptions = (
				Info.plist,
			);
			target = E0E3F5382CBAEE040059937B /* colombia */;
		};
/* End PBXFileSystemSynchronizedBuildFileExceptionSet section */

/* Begin PBXFileSystemSynchronizedRootGroup section */
		E0E3F53B2CBAEE040059937B /* colombia */ = {
			isa = PBXFileSystemSynchronizedRootGroup;
			exceptions = (
				E0E3F5642CBAEE070059937B /* Exceptions for "colombia" folder in "colombia" target */,
			);
			path = colombia;
			sourceTree = "<group>";
		};
		E0E3F5552CBAEE070059937B /* colombiaTests */ = {
			isa = PBXFileSystemSynchronizedRootGroup;
			path = colombiaTests;
			sourceTree = "<group>";
		};
		E0E3F55F2CBAEE070059937B /* colombiaUITests */ = {
			isa = PBXFileSystemSynchronizedRootGroup;
			path = colombiaUITests;
			sourceTree = "<group>";
		};
/* End PBXFileSystemSynchronizedRootGroup section */

/* Begin PBXFrameworksBuildPhase section */
		E0E3F5362CBAEE040059937B /* Frameworks */ = {
			isa = PBXFrameworksBuildPhase;
			buildActionMask = 2147483647;
			files = (
			);
			runOnlyForDeploymentPostprocessing = 0;
		};
		E0E3F54F2CBAEE070059937B /* Frameworks */ = {
			isa = PBXFrameworksBuildPhase;
			buildActionMask = 2147483647;
			files = (
			);
			runOnlyForDeploymentPostprocessing = 0;
		};
		E0E3F5592CBAEE070059937B /* Frameworks */ = {
			isa = PBXFrameworksBuildPhase;
			buildActionMask = 2147483647;
			files = (
			);
			runOnlyForDeploymentPostprocessing = 0;
		};
/* End PBXFrameworksBuildPhase section */

/* Begin PBXGroup section */
		E0E3F5302CBAEE040059937B = {
			isa = PBXGroup;
			children = (
				E0E3F53B2CBAEE040059937B /* colombia */,
				E0E3F5552CBAEE070059937B /* colombiaTests */,
				E0E3F55F2CBAEE070059937B /* colombiaUITests */,
				E0E3F53A2CBAEE040059937B /* Products */,
			);
			sourceTree = "<group>";
		};
		E0E3F53A2CBAEE040059937B /* Products */ = {
			isa = PBXGroup;
			children = (
				E0E3F5392CBAEE040059937B /* colombia.app */,
				E0E3F5522CBAEE070059937B /* colombiaTests.xctest */,
				E0E3F55C2CBAEE070059937B /* colombiaUITests.xctest */,
			);
			name = Products;
			sourceTree = "<group>";
		};
/* End PBXGroup section */

/* Begin PBXNativeTarget section */
		E0E3F5382CBAEE040059937B /* colombia */ = {
			isa = PBXNativeTarget;
			buildConfigurationList = E0E3F5652CBAEE070059937B /* Build configuration list for PBXNativeTarget "colombia" */;
			buildPhases = (
				E0E3F5352CBAEE040059937B /* Sources */,
				E0E3F5362CBAEE040059937B /* Frameworks */,
				E0E3F5372CBAEE040059937B /* Resources */,
			);
			buildRules = (
			);
			dependencies = (
			);
			fileSystemSynchronizedGroups = (
				E0E3F53B2CBAEE040059937B /* colombia */,
			);
			name = colombia;
			packageProductDependencies = (
			);
			productName = colombia;
			productReference = E0E3F5392CBAEE040059937B /* colombia.app */;
			productType = "com.apple.product-type.application";
		};
		E0E3F5512CBAEE070059937B /* colombiaTests */ = {
			isa = PBXNativeTarget;
			buildConfigurationList = E0E3F56A2CBAEE070059937B /* Build configuration list for PBXNativeTarget "colombiaTests" */;
			buildPhases = (
				E0E3F54E2CBAEE070059937B /* Sources */,
				E0E3F54F2CBAEE070059937B /* Frameworks */,
				E0E3F5502CBAEE070059937B /* Resources */,
			);
			buildRules = (
			);
			dependencies = (
				E0E3F5542CBAEE070059937B /* PBXTargetDependency */,
			);
			fileSystemSynchronizedGroups = (
				E0E3F5552CBAEE070059937B /* colombiaTests */,
			);
			name = colombiaTests;
			packageProductDependencies = (
			);
			productName = colombiaTests;
			productReference = E0E3F5522CBAEE070059937B /* colombiaTests.xctest */;
			productType = "com.apple.product-type.bundle.unit-test";
		};
		E0E3F55B2CBAEE070059937B /* colombiaUITests */ = {
			isa = PBXNativeTarget;
			buildConfigurationList = E0E3F56D2CBAEE070059937B /* Build configuration list for PBXNativeTarget "colombiaUITests" */;
			buildPhases = (
				E0E3F5582CBAEE070059937B /* Sources */,
				E0E3F5592CBAEE070059937B /* Frameworks */,
				E0E3F55A2CBAEE070059937B /* Resources */,
			);
			buildRules = (
			);
			dependencies = (
				E0E3F55E2CBAEE070059937B /* PBXTargetDependency */,
			);
			fileSystemSynchronizedGroups = (
				E0E3F55F2CBAEE070059937B /* colombiaUITests */,
			);
			name = colombiaUITests;
			packageProductDependencies = (
			);
			productName = colombiaUITests;
			productReference = E0E3F55C2CBAEE070059937B /* colombiaUITests.xctest */;
			productType = "com.apple.product-type.bundle.ui-testing";
		};
/* End PBXNativeTarget section */

/* Begin PBXProject section */
		E0E3F5312CBAEE040059937B /* Project object */ = {
			isa = PBXProject;
			attributes = {
				BuildIndependentTargetsInParallel = 1;
				LastSwiftUpdateCheck = 1600;
				LastUpgradeCheck = 1600;
				TargetAttributes = {
					E0E3F5382CBAEE040059937B = {
						CreatedOnToolsVersion = 16.0;
					};
					E0E3F5512CBAEE070059937B = {
						CreatedOnToolsVersion = 16.0;
						TestTargetID = E0E3F5382CBAEE040059937B;
					};
					E0E3F55B2CBAEE070059937B = {
						CreatedOnToolsVersion = 16.0;
						TestTargetID = E0E3F5382CBAEE040059937B;
					};
				};
			};
			buildConfigurationList = E0E3F5342CBAEE040059937B /* Build configuration list for PBXProject "colombia" */;
			developmentRegion = en;
			hasScannedForEncodings = 0;
			knownRegions = (
				en,
				Base,
			);
			mainGroup = E0E3F5302CBAEE040059937B;
			minimizedProjectReferenceProxies = 1;
			preferredProjectObjectVersion = 77;
			productRefGroup = E0E3F53A2CBAEE040059937B /* Products */;
			projectDirPath = "";
			projectRoot = "";
			targets = (
				E0E3F5382CBAEE040059937B /* colombia */,
				E0E3F5512CBAEE070059937B /* colombiaTests */,
				E0E3F55B2CBAEE070059937B /* colombiaUITests */,
			);
		};
/* End PBXProject section */

/* Begin PBXResourcesBuildPhase section */
		E0E3F5372CBAEE040059937B /* Resources */ = {
			isa = PBXResourcesBuildPhase;
			buildActionMask = 2147483647;
			files = (
			);
			runOnlyForDeploymentPostprocessing = 0;
		};
		E0E3F5502CBAEE070059937B /* Resources */ = {
			isa = PBXResourcesBuildPhase;
			buildActionMask = 2147483647;
			files = (
			);
			runOnlyForDeploymentPostprocessing = 0;
		};
		E0E3F55A2CBAEE070059937B /* Resources */ = {
			isa = PBXResourcesBuildPhase;
			buildActionMask = 2147483647;
			files = (
			);
			runOnlyForDeploymentPostprocessing = 0;
		};
/* End PBXResourcesBuildPhase section */

/* Begin PBXSourcesBuildPhase section */
		E0E3F5352CBAEE040059937B /* Sources */ = {
			isa = PBXSourcesBuildPhase;
			buildActionMask = 2147483647;
			files = (
			);
			runOnlyForDeploymentPostprocessing = 0;
		};
		E0E3F54E2CBAEE070059937B /* Sources */ = {
			isa = PBXSourcesBuildPhase;
			buildActionMask = 2147483647;
			files = (
			);
			runOnlyForDeploymentPostprocessing = 0;
		};
		E0E3F5582CBAEE070059937B /* Sources */ = {
			isa = PBXSourcesBuildPhase;
			buildActionMask = 2147483647;
			files = (
			);
			runOnlyForDeploymentPostprocessing = 0;
		};
/* End PBXSourcesBuildPhase section */

/* Begin PBXTargetDependency section */
		E0E3F5542CBAEE070059937B /* PBXTargetDependency */ = {
			isa = PBXTargetDependency;
			target = E0E3F5382CBAEE040059937B /* colombia */;
			targetProxy = E0E3F5532CBAEE070059937B /* PBXContainerItemProxy */;
		};
		E0E3F55E2CBAEE070059937B /* PBXTargetDependency */ = {
			isa = PBXTargetDependency;
			target = E0E3F5382CBAEE040059937B /* colombia */;
			targetProxy = E0E3F55D2CBAEE070059937B /* PBXContainerItemProxy */;
		};
/* End PBXTargetDependency section */

/* Begin XCBuildConfiguration section */
		E0E3F5662CBAEE070059937B /* Debug */ = {
			isa = XCBuildConfiguration;
			buildSettings = {
				ASSETCATALOG_COMPILER_APPICON_NAME = AppIcon;
				ASSETCATALOG_COMPILER_GLOBAL_ACCENT_COLOR_NAME = AccentColor;
				CODE_SIGN_STYLE = Automatic;
				CURRENT_PROJECT_VERSION = 1;
				DEVELOPMENT_TEAM = 9MGAHV3789;
				GENERATE_INFOPLIST_FILE = YES;
				INFOPLIST_FILE = colombia/Info.plist;
				INFOPLIST_KEY_UIApplicationSupportsIndirectInputEvents = YES;
				INFOPLIST_KEY_UILaunchStoryboardName = LaunchScreen;
				INFOPLIST_KEY_UIMainStoryboardFile = Main;
				INFOPLIST_KEY_UISupportedInterfaceOrientations_iPad = "UIInterfaceOrientationPortrait UIInterfaceOrientationPortraitUpsideDown UIInterfaceOrientationLandscapeLeft UIInterfaceOrientationLandscapeRight";
				INFOPLIST_KEY_UISupportedInterfaceOrientations_iPhone = "UIInterfaceOrientationPortrait UIInterfaceOrientationLandscapeLeft UIInterfaceOrientationLandscapeRight";
				LD_RUNPATH_SEARCH_PATHS = (
					"$(inherited)",
					"@executable_path/Frameworks",
				);
				MARKETING_VERSION = 1.0;
				PRODUCT_BUNDLE_IDENTIFIER = com.devs.colombia;
				PRODUCT_NAME = "$(TARGET_NAME)";
				SWIFT_EMIT_LOC_STRINGS = YES;
				SWIFT_VERSION = 5.0;
				TARGETED_DEVICE_FAMILY = "1,2";
			};
			name = Debug;
		};
		E0E3F5672CBAEE070059937B /* Release */ = {
			isa = XCBuildConfiguration;
			buildSettings = {
				ASSETCATALOG_COMPILER_APPICON_NAME = AppIcon;
				ASSETCATALOG_COMPILER_GLOBAL_ACCENT_COLOR_NAME = AccentColor;
				CODE_SIGN_STYLE = Automatic;
				CURRENT_PROJECT_VERSION = 1;
				DEVELOPMENT_TEAM = 9MGAHV3789;
				GENERATE_INFOPLIST_FILE = YES;
				INFOPLIST_FILE = colombia/Info.plist;
				INFOPLIST_KEY_UIApplicationSupportsIndirectInputEvents = YES;
				INFOPLIST_KEY_UILaunchStoryboardName = LaunchScreen;
				INFOPLIST_KEY_UIMainStoryboardFile = Main;
				INFOPLIST_KEY_UISupportedInterfaceOrientations_iPad = "UIInterfaceOrientationPortrait UIInterfaceOrientationPortraitUpsideDown UIInterfaceOrientationLandscapeLeft UIInterfaceOrientationLandscapeRight";
				INFOPLIST_KEY_UISupportedInterfaceOrientations_iPhone = "UIInterfaceOrientationPortrait UIInterfaceOrientationLandscapeLeft UIInterfaceOrientationLandscapeRight";
				LD_RUNPATH_SEARCH_PATHS = (
					"$(inherited)",
					"@executable_path/Frameworks",
				);
				MARKETING_VERSION = 1.0;
				PRODUCT_BUNDLE_IDENTIFIER = com.devs.colombia;
				PRODUCT_NAME = "$(TARGET_NAME)";
				SWIFT_EMIT_LOC_STRINGS = YES;
				SWIFT_VERSION = 5.0;
				TARGETED_DEVICE_FAMILY = "1,2";
			};
			name = Release;
		};
		E0E3F5682CBAEE070059937B /* Debug */ = {
			isa = XCBuildConfiguration;
			buildSettings = {
				ALWAYS_SEARCH_USER_PATHS = NO;
				ASSETCATALOG_COMPILER_GENERATE_SWIFT_ASSET_SYMBOL_EXTENSIONS = YES;
				CLANG_ANALYZER_NONNULL = YES;
				CLANG_ANALYZER_NUMBER_OBJECT_CONVERSION = YES_AGGRESSIVE;
				CLANG_CXX_LANGUAGE_STANDARD = "gnu++20";
				CLANG_ENABLE_MODULES = YES;
				CLANG_ENABLE_OBJC_ARC = YES;
				CLANG_ENABLE_OBJC_WEAK = YES;
				CLANG_WARN_BLOCK_CAPTURE_AUTORELEASING = YES;
				CLANG_WARN_BOOL_CONVERSION = YES;
				CLANG_WARN_COMMA = YES;
				CLANG_WARN_CONSTANT_CONVERSION = YES;
				CLANG_WARN_DEPRECATED_OBJC_IMPLEMENTATIONS = YES;
				CLANG_WARN_DIRECT_OBJC_ISA_USAGE = YES_ERROR;
				CLANG_WARN_DOCUMENTATION_COMMENTS = YES;
				CLANG_WARN_EMPTY_BODY = YES;
				CLANG_WARN_ENUM_CONVERSION = YES;
				CLANG_WARN_INFINITE_RECURSION = YES;
				CLANG_WARN_INT_CONVERSION = YES;
				CLANG_WARN_NON_LITERAL_NULL_CONVERSION = YES;
				CLANG_WARN_OBJC_IMPLICIT_RETAIN_SELF = YES;
				CLANG_WARN_OBJC_LITERAL_CONVERSION = YES;
				CLANG_WARN_OBJC_ROOT_CLASS = YES_ERROR;
				CLANG_WARN_QUOTED_INCLUDE_IN_FRAMEWORK_HEADER = YES;
				CLANG_WARN_RANGE_LOOP_ANALYSIS = YES;
				CLANG_WARN_STRICT_PROTOTYPES = YES;
				CLANG_WARN_SUSPICIOUS_MOVE = YES;
				CLANG_WARN_UNGUARDED_AVAILABILITY = YES_AGGRESSIVE;
				CLANG_WARN_UNREACHABLE_CODE = YES;
				CLANG_WARN__DUPLICATE_METHOD_MATCH = YES;
				COPY_PHASE_STRIP = NO;
				DEBUG_INFORMATION_FORMAT = dwarf;
				ENABLE_STRICT_OBJC_MSGSEND = YES;
				ENABLE_TESTABILITY = YES;
				ENABLE_USER_SCRIPT_SANDBOXING = YES;
				GCC_C_LANGUAGE_STANDARD = gnu17;
				GCC_DYNAMIC_NO_PIC = NO;
				GCC_NO_COMMON_BLOCKS = YES;
				GCC_OPTIMIZATION_LEVEL = 0;
				GCC_PREPROCESSOR_DEFINITIONS = (
					"DEBUG=1",
					"$(inherited)",
				);
				GCC_WARN_64_TO_32_BIT_CONVERSION = YES;
				GCC_WARN_ABOUT_RETURN_TYPE = YES_ERROR;
				GCC_WARN_UNDECLARED_SELECTOR = YES;
				GCC_WARN_UNINITIALIZED_AUTOS = YES_AGGRESSIVE;
				GCC_WARN_UNUSED_FUNCTION = YES;
				GCC_WARN_UNUSED_VARIABLE = YES;
				IPHONEOS_DEPLOYMENT_TARGET = 18.0;
				LOCALIZATION_PREFERS_STRING_CATALOGS = YES;
				MTL_ENABLE_DEBUG_INFO = INCLUDE_SOURCE;
				MTL_FAST_MATH = YES;
				ONLY_ACTIVE_ARCH = YES;
				SDKROOT = iphoneos;
				SWIFT_ACTIVE_COMPILATION_CONDITIONS = "DEBUG $(inherited)";
				SWIFT_OPTIMIZATION_LEVEL = "-Onone";
			};
			name = Debug;
		};
		E0E3F5692CBAEE070059937B /* Release */ = {
			isa = XCBuildConfiguration;
			buildSettings = {
				ALWAYS_SEARCH_USER_PATHS = NO;
				ASSETCATALOG_COMPILER_GENERATE_SWIFT_ASSET_SYMBOL_EXTENSIONS = YES;
				CLANG_ANALYZER_NONNULL = YES;
				CLANG_ANALYZER_NUMBER_OBJECT_CONVERSION = YES_AGGRESSIVE;
				CLANG_CXX_LANGUAGE_STANDARD = "gnu++20";
				CLANG_ENABLE_MODULES = YES;
				CLANG_ENABLE_OBJC_ARC = YES;
				CLANG_ENABLE_OBJC_WEAK = YES;
				CLANG_WARN_BLOCK_CAPTURE_AUTORELEASING = YES;
				CLANG_WARN_BOOL_CONVERSION = YES;
				CLANG_WARN_COMMA = YES;
				CLANG_WARN_CONSTANT_CONVERSION = YES;
				CLANG_WARN_DEPRECATED_OBJC_IMPLEMENTATIONS = YES;
				CLANG_WARN_DIRECT_OBJC_ISA_USAGE = YES_ERROR;
				CLANG_WARN_DOCUMENTATION_COMMENTS = YES;
				CLANG_WARN_EMPTY_BODY = YES;
				CLANG_WARN_ENUM_CONVERSION = YES;
				CLANG_WARN_INFINITE_RECURSION = YES;
				CLANG_WARN_INT_CONVERSION = YES;
				CLANG_WARN_NON_LITERAL_NULL_CONVERSION = YES;
				CLANG_WARN_OBJC_IMPLICIT_RETAIN_SELF = YES;
				CLANG_WARN_OBJC_LITERAL_CONVERSION = YES;
				CLANG_WARN_OBJC_ROOT_CLASS = YES_ERROR;
				CLANG_WARN_QUOTED_INCLUDE_IN_FRAMEWORK_HEADER = YES;
				CLANG_WARN_RANGE_LOOP_ANALYSIS = YES;
				CLANG_WARN_STRICT_PROTOTYPES = YES;
				CLANG_WARN_SUSPICIOUS_MOVE = YES;
				CLANG_WARN_UNGUARDED_AVAILABILITY = YES_AGGRESSIVE;
				CLANG_WARN_UNREACHABLE_CODE = YES;
				CLANG_WARN__DUPLICATE_METHOD_MATCH = YES;
				COPY_PHASE_STRIP = NO;
				DEBUG_INFORMATION_FORMAT = "dwarf-with-dsym";
				ENABLE_NS_ASSERTIONS = NO;
				ENABLE_STRICT_OBJC_MSGSEND = YES;
				ENABLE_USER_SCRIPT_SANDBOXING = YES;
				GCC_C_LANGUAGE_STANDARD = gnu17;
				GCC_NO_COMMON_BLOCKS = YES;
				GCC_WARN_64_TO_32_BIT_CONVERSION = YES;
				GCC_WARN_ABOUT_RETURN_TYPE = YES_ERROR;
				GCC_WARN_UNDECLARED_SELECTOR = YES;
				GCC_WARN_UNINITIALIZED_AUTOS = YES_AGGRESSIVE;
				GCC_WARN_UNUSED_FUNCTION = YES;
				GCC_WARN_UNUSED_VARIABLE = YES;
				IPHONEOS_DEPLOYMENT_TARGET = 18.0;
				LOCALIZATION_PREFERS_STRING_CATALOGS = YES;
				MTL_ENABLE_DEBUG_INFO = NO;
				MTL_FAST_MATH = YES;
				SDKROOT = iphoneos;
				SWIFT_COMPILATION_MODE = wholemodule;
				VALIDATE_PRODUCT = YES;
			};
			name = Release;
		};
		E0E3F56B2CBAEE070059937B /* Debug */ = {
			isa = XCBuildConfiguration;
			buildSettings = {
				BUNDLE_LOADER = "$(TEST_HOST)";
				CODE_SIGN_STYLE = Automatic;
				CURRENT_PROJECT_VERSION = 1;
				DEVELOPMENT_TEAM = 9MGAHV3789;
				GENERATE_INFOPLIST_FILE = YES;
				IPHONEOS_DEPLOYMENT_TARGET = 18.0;
				MARKETING_VERSION = 1.0;
				PRODUCT_BUNDLE_IDENTIFIER = com.devs.colombiaTests;
				PRODUCT_NAME = "$(TARGET_NAME)";
				SWIFT_EMIT_LOC_STRINGS = NO;
				SWIFT_VERSION = 5.0;
				TARGETED_DEVICE_FAMILY = "1,2";
				TEST_HOST = "$(BUILT_PRODUCTS_DIR)/colombia.app/$(BUNDLE_EXECUTABLE_FOLDER_PATH)/colombia";
			};
			name = Debug;
		};
		E0E3F56C2CBAEE070059937B /* Release */ = {
			isa = XCBuildConfiguration;
			buildSettings = {
				BUNDLE_LOADER = "$(TEST_HOST)";
				CODE_SIGN_STYLE = Automatic;
				CURRENT_PROJECT_VERSION = 1;
				DEVELOPMENT_TEAM = 9MGAHV3789;
				GENERATE_INFOPLIST_FILE = YES;
				IPHONEOS_DEPLOYMENT_TARGET = 18.0;
				MARKETING_VERSION = 1.0;
				PRODUCT_BUNDLE_IDENTIFIER = com.devs.colombiaTests;
				PRODUCT_NAME = "$(TARGET_NAME)";
				SWIFT_EMIT_LOC_STRINGS = NO;
				SWIFT_VERSION = 5.0;
				TARGETED_DEVICE_FAMILY = "1,2";
				TEST_HOST = "$(BUILT_PRODUCTS_DIR)/colombia.app/$(BUNDLE_EXECUTABLE_FOLDER_PATH)/colombia";
			};
			name = Release;
		};
		E0E3F56E2CBAEE070059937B /* Debug */ = {
			isa = XCBuildConfiguration;
			buildSettings = {
				CODE_SIGN_STYLE = Automatic;
				CURRENT_PROJECT_VERSION = 1;
				DEVELOPMENT_TEAM = 9MGAHV3789;
				GENERATE_INFOPLIST_FILE = YES;
				MARKETING_VERSION = 1.0;
				PRODUCT_BUNDLE_IDENTIFIER = com.devs.colombiaUITests;
				PRODUCT_NAME = "$(TARGET_NAME)";
				SWIFT_EMIT_LOC_STRINGS = NO;
				SWIFT_VERSION = 5.0;
				TARGETED_DEVICE_FAMILY = "1,2";
				TEST_TARGET_NAME = colombia;
			};
			name = Debug;
		};
		E0E3F56F2CBAEE070059937B /* Release */ = {
			isa = XCBuildConfiguration;
			buildSettings = {
				CODE_SIGN_STYLE = Automatic;
				CURRENT_PROJECT_VERSION = 1;
				DEVELOPMENT_TEAM = 9MGAHV3789;
				GENERATE_INFOPLIST_FILE = YES;
				MARKETING_VERSION = 1.0;
				PRODUCT_BUNDLE_IDENTIFIER = com.devs.colombiaUITests;
				PRODUCT_NAME = "$(TARGET_NAME)";
				SWIFT_EMIT_LOC_STRINGS = NO;
				SWIFT_VERSION = 5.0;
				TARGETED_DEVICE_FAMILY = "1,2";
				TEST_TARGET_NAME = colombia;
			};
			name = Release;
		};
/* End XCBuildConfiguration section */

/* Begin XCConfigurationList section */
		E0E3F5342CBAEE040059937B /* Build configuration list for PBXProject "colombia" */ = {
			isa = XCConfigurationList;
			buildConfigurations = (
				E0E3F5682CBAEE070059937B /* Debug */,
				E0E3F5692CBAEE070059937B /* Release */,
			);
			defaultConfigurationIsVisible = 0;
			defaultConfigurationName = Release;
		};
		E0E3F5652CBAEE070059937B /* Build configuration list for PBXNativeTarget "colombia" */ = {
			isa = XCConfigurationList;
			buildConfigurations = (
				E0E3F5662CBAEE070059937B /* Debug */,
				E0E3F5672CBAEE070059937B /* Release */,
			);
			defaultConfigurationIsVisible = 0;
			defaultConfigurationName = Release;
		};
		E0E3F56A2CBAEE070059937B /* Build configuration list for PBXNativeTarget "colombiaTests" */ = {
			isa = XCConfigurationList;
			buildConfigurations = (
				E0E3F56B2CBAEE070059937B /* Debug */,
				E0E3F56C2CBAEE070059937B /* Release */,
			);
			defaultConfigurationIsVisible = 0;
			defaultConfigurationName = Release;
		};
		E0E3F56D2CBAEE070059937B /* Build configuration list for PBXNativeTarget "colombiaUITests" */ = {
			isa = XCConfigurationList;
			buildConfigurations = (
				E0E3F56E2CBAEE070059937B /* Debug */,
				E0E3F56F2CBAEE070059937B /* Release */,
			);
			defaultConfigurationIsVisible = 0;
			defaultConfigurationName = Release;
		};
/* End XCConfigurationList section */
	};
	rootObject = E0E3F5312CBAEE040059937B /* Project object */;
}
